
Microsoft Visual Studio Solution File, Format Version 12.00
# Visual Studio Version 17
VisualStudioVersion = 17.2.32616.157
MinimumVisualStudioVersion = 10.0.40219.1
Project("{FAE04EC0-301F-11D3-BF4B-00C04F79EFBC}") = "StockSystem", "StockSystem\StockSystem.csproj", "{B6016372-68B2-4174-8F05-DC186BBCEC0D}"
EndProject
Global
	GlobalSection(SolutionConfigurationPlatforms) = preSolution
		Debug|Any CPU = Debug|Any CPU
		Release|Any CPU = Release|Any CPU
	EndGlobalSection
	GlobalSection(ProjectConfigurationPlatforms) = postSolution
		{B6016372-68B2-4174-8F05-DC186BBCEC0D}.Debug|Any CPU.ActiveCfg = Debug|Any CPU
		{B6016372-68B2-4174-8F05-DC186BBCEC0D}.Debug|Any CPU.Build.0 = Debug|Any CPU
		{B6016372-68B2-4174-8F05-DC186BBCEC0D}.Release|Any CPU.ActiveCfg = Release|Any CPU
		{B6016372-68B2-4174-8F05-DC186BBCEC0D}.Release|Any CPU.Build.0 = Release|Any CPU
	EndGlobalSection
	GlobalSection(SolutionProperties) = preSolution
		HideSolutionNode = FALSE
	EndGlobalSection
	GlobalSection(ExtensibilityGlobals) = postSolution
		SolutionGuid = {31D48F3D-D3F3-41BD-9E69-DFBF76C94247}
	EndGlobalSection
EndGlobal
